%{
  "castore": {:hex, :castore, "0.1.19", "a2c3e46d62b7f3aa2e6f88541c21d7400381e53704394462b9fd4f06f6d42bb6", [:mix], [], "hexpm", "e96e0161a5dc82ef441da24d5fa74aefc40d920f3a6645d15e1f9f3e66bb2109"},
  "mime": {:hex, :mime, "2.0.3", "3676436d3d1f7b81b5a2d2bd8405f412c677558c81b1c92be58c00562bb59095", [:mix], [], "hexpm", "27a30bf0db44d25eecba73755acf4068cbfe26a4372f9eb3e4ea3a45956bff6b"},
  "phoenix": {:hex, :phoenix, "1.5.14", "2d5db884be496eefa5157505ec0134e66187cb416c072272420c5509d67bf808", [:mix], [{:jason, "~> 1.0", [hex: :jason, repo: "hexpm", optional: true]}, {:phoenix_html, "~> 2.13 or ~> 3.0", [hex: :phoenix_html, repo: "hexpm", optional: true]}, {:phoenix_pubsub, "~> 2.0", [hex: :phoenix_pubsub, repo: "hexpm", optional: false]}, {:plug, "~> 1.10", [hex: :plug, repo: "hexpm", optional: false]}, {:plug_cowboy, "~> 1.0 or ~> 2.2", [hex: :plug_cowboy, repo: "hexpm", optional: true]}, {:plug_crypto, "~> 1.1.2 or ~> 1.2", [hex: :plug_crypto, repo: "hexpm", optional: false]}, {:telemetry, "~> 0.4 or ~> 1.0", [hex: :telemetry, repo: "hexpm", optional: false]}], "hexpm", "207f1aa5520320cbb7940d7ff2dde2342162cf513875848f88249ea0ba02fef7"},
  "phoenix_html": {:hex, :phoenix_html, "2.14.3", "51f720d0d543e4e157ff06b65de38e13303d5778a7919bcc696599e5934271b8", [:mix], [{:plug, "~> 1.5", [hex: :plug, repo: "hexpm", optional: false]}], "hexpm", "efd697a7fff35a13eeeb6b43db884705cba353a1a41d127d118fda5f90c8e80f"},
  "phoenix_live_view": {:hex, :phoenix_live_view, "0.15.7", "09720b8e5151b3ca8ef739cd7626d4feb987c69ba0b509c9bbdb861d5a365881", [:mix], [{:jason, "~> 1.0", [hex: :jason, repo: "hexpm", optional: true]}, {:phoenix, "~> 1.5.7", [hex: :phoenix, repo: "hexpm", optional: false]}, {:phoenix_html, "~> 2.14", [hex: :phoenix_html, repo: "hexpm", optional: false]}, {:telemetry, "~> 0.4.2 or ~> 0.5", [hex: :telemetry, repo: "hexpm", optional: false]}], "hexpm", "3a756cf662420272d0f1b3b908cce5222163b5a95aa9bab404f9d29aff53276e"},
  "phoenix_pubsub": {:hex, :phoenix_pubsub, "2.1.1", "ba04e489ef03763bf28a17eb2eaddc2c20c6d217e2150a61e3298b0f4c2012b5", [:mix], [], "hexpm", "81367c6d1eea5878ad726be80808eb5a787a23dee699f96e72b1109c57cdd8d9"},
  "phoenix_template": {:hex, :phoenix_template, "1.0.0", "c57bc5044f25f007dc86ab21895688c098a9f846a8dda6bc40e2d0ddc146e38f", [:mix], [{:phoenix_html, "~> 2.14.2 or ~> 3.0", [hex: :phoenix_html, repo: "hexpm", optional: true]}], "hexpm", "1b066f99a26fd22064c12b2600a9a6e56700f591bf7b20b418054ea38b4d4357"},
  "phoenix_view": {:hex, :phoenix_view, "2.0.2", "6bd4d2fd595ef80d33b439ede6a19326b78f0f1d8d62b9a318e3d9c1af351098", [:mix], [{:phoenix_html, "~> 2.14.2 or ~> 3.0", [hex: :phoenix_html, repo: "hexpm", optional: true]}, {:phoenix_template, "~> 1.0", [hex: :phoenix_template, repo: "hexpm", optional: false]}], "hexpm", "a929e7230ea5c7ee0e149ffcf44ce7cf7f4b6d2bfe1752dd7c084cdff152d36f"},
  "plug": {:hex, :plug, "1.14.0", "ba4f558468f69cbd9f6b356d25443d0b796fbdc887e03fa89001384a9cac638f", [:mix], [{:mime, "~> 1.0 or ~> 2.0", [hex: :mime, repo: "hexpm", optional: false]}, {:plug_crypto, "~> 1.1.1 or ~> 1.2", [hex: :plug_crypto, repo: "hexpm", optional: false]}, {:telemetry, "~> 0.4.3 or ~> 1.0", [hex: :telemetry, repo: "hexpm", optional: false]}], "hexpm", "bf020432c7d4feb7b3af16a0c2701455cbbbb95e5b6866132cb09eb0c29adc14"},
  "plug_crypto": {:hex, :plug_crypto, "1.2.3", "8f77d13aeb32bfd9e654cb68f0af517b371fb34c56c9f2b58fe3df1235c1251a", [:mix], [], "hexpm", "b5672099c6ad5c202c45f5a403f21a3411247f164e4a8fab056e5cd8a290f4a2"},
  "telemetry": {:hex, :telemetry, "0.4.3", "a06428a514bdbc63293cd9a6263aad00ddeb66f608163bdec7c8995784080818", [:rebar3], [], "hexpm", "eb72b8365ffda5bed68a620d1da88525e326cb82a75ee61354fc24b844768041"},
}
